name: vaccine_effectiveness
channels:
  - conda-forge
  - defaults
dependencies:
  - _libgcc_mutex=0.1=conda_forge
  - _openmp_mutex=4.5=2_gnu
  - _r-mutex=1.0.1=anacondar_1
  - aws-c-auth=0.6.26=hf365957_1
  - aws-c-cal=0.5.21=h48707d8_2
  - aws-c-common=0.8.14=h0b41bf4_0
  - aws-c-compression=0.2.16=h03acc5a_5
  - aws-c-event-stream=0.2.20=h00877a2_4
  - aws-c-http=0.7.6=hf342b9f_0
  - aws-c-io=0.13.19=h5b20300_3
  - aws-c-mqtt=0.8.6=hc4349f7_12
  - aws-c-s3=0.2.7=h909e904_1
  - aws-c-sdkutils=0.1.8=h03acc5a_0
  - aws-checksums=0.1.14=h03acc5a_5
  - aws-crt-cpp=0.19.8=hf7fbfca_12
  - aws-sdk-cpp=1.10.57=h17c43bd_8
  - binutils_impl_linux-64=2.40=hf600244_0
  - bwidget=1.9.14=ha770c72_1
  - bzip2=1.0.8=h7f98852_4
  - c-ares=1.18.1=h7f98852_0
  - ca-certificates=2022.12.7=ha878542_0
  - cairo=1.16.0=ha61ee94_1014
  - curl=8.0.1=h588be90_0
  - dart-sass=1.58.3=ha770c72_0
  - deno=1.22.0=hf47965d_0
  - deno-dom=0.1.17=hd9586b0_0
  - esbuild=0.15.5=ha770c72_1
  - expat=2.5.0=hcb278e6_1
  - font-ttf-dejavu-sans-mono=2.37=hab24e00_0
  - font-ttf-inconsolata=3.000=h77eed37_0
  - font-ttf-source-code-pro=2.038=h77eed37_0
  - font-ttf-ubuntu=0.83=hab24e00_0
  - fontconfig=2.14.2=h14ed4e7_0
  - fonts-conda-ecosystem=1=0
  - fonts-conda-forge=1=0
  - freetype=2.12.1=hca18f0e_1
  - fribidi=1.0.10=h36c2ea0_0
  - gcc_impl_linux-64=12.2.0=hcc96c02_19
  - gettext=0.21.1=h27087fc_0
  - gflags=2.2.2=he1b5a44_1004
  - gfortran_impl_linux-64=12.2.0=h55be85b_19
  - glog=0.6.0=h6f12383_0
  - glpk=5.0=h445213a_0
  - gmp=6.2.1=h58526e2_0
  - graphite2=1.3.13=h58526e2_1001
  - gsl=2.7=he838d99_0
  - gxx_impl_linux-64=12.2.0=hcc96c02_19
  - harfbuzz=6.0.0=h8e241bc_0
  - icu=70.1=h27087fc_0
  - jpeg=9e=h0b41bf4_3
  - kernel-headers_linux-64=2.6.32=he073ed8_15
  - keyutils=1.6.1=h166bdaf_0
  - krb5=1.20.1=h81ceb04_0
  - ld_impl_linux-64=2.40=h41732ed_0
  - lerc=4.0.0=h27087fc_0
  - libabseil=20230125.0=cxx17_hcb278e6_1
  - libarrow=11.0.0=h93537a5_13_cpu
  - libblas=3.9.0=16_linux64_openblas
  - libbrotlicommon=1.0.9=h166bdaf_8
  - libbrotlidec=1.0.9=h166bdaf_8
  - libbrotlienc=1.0.9=h166bdaf_8
  - libcblas=3.9.0=16_linux64_openblas
  - libcrc32c=1.1.2=h9c3ff4c_0
  - libcurl=8.0.1=h588be90_0
  - libdeflate=1.17=h0b41bf4_0
  - libedit=3.1.20191231=he28a2e2_2
  - libev=4.33=h516909a_1
  - libevent=2.1.10=h28343ad_4
  - libexpat=2.5.0=hcb278e6_1
  - libffi=3.4.2=h7f98852_5
  - libgcc-devel_linux-64=12.2.0=h3b97bd3_19
  - libgcc-ng=12.2.0=h65d4601_19
  - libgfortran-ng=12.2.0=h69a702a_19
  - libgfortran5=12.2.0=h337968e_19
  - libgit2=1.6.4=h747ad27_0
  - libglib=2.76.1=ha491796_0
  - libgomp=12.2.0=h65d4601_19
  - libgoogle-cloud=2.8.0=h0bc5f78_1
  - libgrpc=1.52.1=hcf146ea_1
  - libiconv=1.17=h166bdaf_0
  - liblapack=3.9.0=16_linux64_openblas
  - libnghttp2=1.52.0=h61bc06f_0
  - libnsl=2.0.0=h7f98852_0
  - libnuma=2.0.16=h0b41bf4_1
  - libopenblas=0.3.21=pthreads_h78a6416_3
  - libpng=1.6.39=h753d276_0
  - libprotobuf=3.21.12=h3eb15da_0
  - libsanitizer=12.2.0=h46fd767_19
  - libsqlite=3.40.0=h753d276_0
  - libssh2=1.10.0=hf14f497_3
  - libstdcxx-devel_linux-64=12.2.0=h3b97bd3_19
  - libstdcxx-ng=12.2.0=h46fd767_19
  - libthrift=0.18.1=h5e4af38_0
  - libtiff=4.5.0=h6adf6a1_2
  - libutf8proc=2.8.0=h166bdaf_0
  - libuuid=2.38.1=h0b41bf4_0
  - libv8=8.9.83=h7465d70_2
  - libwebp-base=1.3.0=h0b41bf4_0
  - libxcb=1.13=h7f98852_1004
  - libxml2=2.10.3=hca2bb57_4
  - libzlib=1.2.13=h166bdaf_4
  - lz4-c=1.9.4=hcb278e6_0
  - make=4.3=hd18ef5c_1
  - ncurses=6.3=h27087fc_1
  - nlopt=2.7.1=py311he53e775_3
  - numpy=1.24.2=py311h8e6699e_0
  - openssl=3.1.0=h0b41bf4_0
  - orc=1.8.3=hfdbbad2_0
  - pandoc=2.19.2=h32600fe_2
  - pango=1.50.14=hd33c08f_0
  - pcre2=10.40=hc3806b6_0
  - pip=23.1=pyhd8ed1ab_0
  - pixman=0.40.0=h36c2ea0_0
  - pthread-stubs=0.4=h36c2ea0_1001
  - python=3.11.3=h2755cc3_0_cpython
  - python_abi=3.11=3_cp311
  - quarto=1.1.145=ha770c72_0
  - r-abind=1.4_5=r42hc72bb7e_1004
  - r-arrow=11.0.0=r42hcb278e6_0
  - r-asioheaders=1.22.1_2=r42hc72bb7e_0
  - r-askpass=1.1=r42h06615bd_3
  - r-assertthat=0.2.1=r42hc72bb7e_3
  - r-backports=1.4.1=r42h06615bd_1
  - r-base=4.2.3=ha7d60f8_0
  - r-base64enc=0.1_3=r42h06615bd_1005
  - r-bigd=0.2.0=r42hc72bb7e_0
  - r-bit=4.0.5=r42h06615bd_0
  - r-bit64=4.0.5=r42h06615bd_1
  - r-bitops=1.0_7=r42h06615bd_1
  - r-blob=1.2.4=r42hc72bb7e_0
  - r-bookdown=0.33=r42hc72bb7e_0
  - r-boot=1.3_28.1=r42hc72bb7e_0
  - r-brew=1.0_8=r42hc72bb7e_1
  - r-brio=1.1.3=r42h06615bd_1
  - r-broom=1.0.4=r42hc72bb7e_0
  - r-broom.helpers=1.13.0=r42hc72bb7e_0
  - r-bslib=0.4.2=r42hc72bb7e_0
  - r-cachem=1.0.7=r42h133d619_0
  - r-callr=3.7.3=r42hc72bb7e_0
  - r-car=3.1_2=r42hc72bb7e_0
  - r-cardata=3.0_5=r42hc72bb7e_1
  - r-caret=6.0_94=r42h133d619_0
  - r-cellranger=1.1.0=r42hc72bb7e_1005
  - r-chk=0.8.1=r42hc72bb7e_1
  - r-class=7.3_21=r42h133d619_0
  - r-cli=3.6.1=r42h38f115c_0
  - r-clipr=0.8.0=r42hc72bb7e_1
  - r-clock=0.6.1=r42h7525677_1
  - r-codetools=0.2_19=r42hc72bb7e_0
  - r-coin=1.4_2=r42h06615bd_1
  - r-colorspace=2.1_0=r42h133d619_0
  - r-commonmark=1.9.0=r42h133d619_0
  - r-conflicted=1.2.0=r42h785f33e_0
  - r-conquer=1.3.3=r42hbf9dc1e_0
  - r-corrplot=0.92=r42hc72bb7e_1
  - r-cowplot=1.1.1=r42hc72bb7e_1
  - r-cpp11=0.4.3=r42hc72bb7e_0
  - r-crayon=1.5.2=r42hc72bb7e_1
  - r-credentials=1.3.2=r42hc72bb7e_1
  - r-crosstalk=1.2.0=r42hc72bb7e_1
  - r-crul=1.3=r42h785f33e_1
  - r-curl=4.3.3=r42h06615bd_1
  - r-data.table=1.14.8=r42h133d619_0
  - r-dataexplorer=0.8.2=r42hc72bb7e_1
  - r-dbi=1.1.3=r42hc72bb7e_1
  - r-dbplyr=2.3.2=r42hc72bb7e_0
  - r-desc=1.4.2=r42hc72bb7e_1
  - r-devtools=2.4.5=r42hc72bb7e_1
  - r-diagram=1.6.5=r42ha770c72_1
  - r-diffobj=0.3.5=r42h06615bd_1
  - r-digest=0.6.31=r42h38f115c_0
  - r-dlookr=0.6.1=r42hc72bb7e_0
  - r-downlit=0.4.2=r42hc72bb7e_1
  - r-dplyr=1.1.1=r42h38f115c_0
  - r-dt=0.27=r42hc72bb7e_0
  - r-dtplyr=1.3.1=r42hc72bb7e_0
  - r-duckdb=0.7.1_1=r42h38f115c_0
  - r-e1071=1.7_13=r42h38f115c_0
  - r-ellipsis=0.3.2=r42h06615bd_1
  - r-evaluate=0.20=r42hc72bb7e_0
  - r-exactranktests=0.8_35=r42h06615bd_1
  - r-extrafont=0.18=r42ha770c72_1
  - r-extrafontdb=1.0=r42hc72bb7e_1004
  - r-fansi=1.0.4=r42h133d619_0
  - r-farver=2.1.1=r42h7525677_1
  - r-fastmap=1.1.1=r42h38f115c_0
  - r-fontawesome=0.5.1=r42hc72bb7e_0
  - r-fontbitstreamvera=0.1.1=r42hc72bb7e_1004
  - r-fontliberation=0.1.0=r42hc72bb7e_1004
  - r-fontquiver=0.2.1=r42hc72bb7e_1004
  - r-forcats=1.0.0=r42hc72bb7e_0
  - r-foreach=1.5.2=r42hc72bb7e_1
  - r-foreign=0.8_84=r42h133d619_0
  - r-forestmodel=0.6.2=r42hc72bb7e_1
  - r-formattable=0.2.1=r42ha770c72_1
  - r-formula=1.2_5=r42hc72bb7e_0
  - r-fs=1.6.1=r42h38f115c_0
  - r-future=1.32.0=r42hc72bb7e_0
  - r-future.apply=1.10.0=r42hc72bb7e_0
  - r-gargle=1.4.0=r42h785f33e_0
  - r-gdtools=0.3.3=r42he0ce631_0
  - r-generics=0.1.3=r42hc72bb7e_1
  - r-gert=1.9.2=r42h492061e_1
  - r-gfonts=0.2.0=r42hc72bb7e_0
  - r-ggplot2=3.4.2=r42hc72bb7e_0
  - r-ggpubr=0.6.0=r42hc72bb7e_0
  - r-ggrepel=0.9.3=r42h38f115c_0
  - r-ggsci=3.0.0=r42hc72bb7e_0
  - r-ggsignif=0.6.4=r42hc72bb7e_0
  - r-ggtext=0.1.2=r42hc72bb7e_1
  - r-gh=1.4.0=r42hc72bb7e_0
  - r-gitcreds=0.1.2=r42hc72bb7e_1
  - r-globals=0.16.2=r42hc72bb7e_0
  - r-glue=1.6.2=r42h06615bd_1
  - r-googledrive=2.1.0=r42hc72bb7e_0
  - r-googlesheets4=1.1.0=r42h785f33e_0
  - r-gower=1.0.1=r42h133d619_0
  - r-gridextra=2.3=r42hc72bb7e_1004
  - r-gridtext=0.1.5=r42h7525677_1
  - r-gt=0.9.0=r42hc72bb7e_0
  - r-gtable=0.3.3=r42hc72bb7e_0
  - r-gtsummary=1.7.0=r42hc72bb7e_0
  - r-hardhat=1.3.0=r42hc72bb7e_0
  - r-haven=2.5.2=r42h38f115c_0
  - r-here=1.0.1=r42hc72bb7e_1
  - r-hexbin=1.28.3=r42hac0b197_0
  - r-highr=0.10=r42hc72bb7e_0
  - r-hms=1.1.3=r42hc72bb7e_0
  - r-hrbrthemes=0.8.0=r42hc72bb7e_2
  - r-htmltools=0.5.5=r42h38f115c_0
  - r-htmlwidgets=1.6.2=r42hc72bb7e_0
  - r-httpcode=0.3.0=r42ha770c72_2
  - r-httpuv=1.6.9=r42h38f115c_0
  - r-httr=1.4.5=r42hc72bb7e_0
  - r-httr2=0.2.2=r42hc72bb7e_1
  - r-ids=1.0.1=r42hc72bb7e_2
  - r-igraph=1.4.2=r42h65ed38e_0
  - r-ini=0.3.1=r42hc72bb7e_1004
  - r-inum=1.0_5=r42hc72bb7e_0
  - r-ipred=0.9_14=r42h133d619_0
  - r-isoband=0.2.7=r42h38f115c_1
  - r-iterators=1.0.14=r42hc72bb7e_1
  - r-jomo=2.7_6=r42h133d619_0
  - r-jpeg=0.1_10=r42h06615bd_0
  - r-jquerylib=0.1.4=r42hc72bb7e_1
  - r-jsonlite=1.8.4=r42h133d619_0
  - r-juicyjuice=0.1.0=r42hc72bb7e_0
  - r-kableextra=1.3.4=r42hc72bb7e_1
  - r-kernsmooth=2.23_20=r42hd009a43_1
  - r-km.ci=0.5_6=r42hc72bb7e_1
  - r-kmsurv=0.1_5=r42hc72bb7e_1004
  - r-knitr=1.42=r42hc72bb7e_1
  - r-labeling=0.4.2=r42hc72bb7e_2
  - r-labelled=2.11.0=r42hc72bb7e_0
  - r-later=1.3.0=r42h7525677_1
  - r-lattice=0.21_8=r42h133d619_0
  - r-lava=1.7.2.1=r42hc72bb7e_0
  - r-lazyeval=0.2.2=r42h06615bd_3
  - r-libcoin=1.0_9=r42h5f7b363_1
  - r-lifecycle=1.0.3=r42hc72bb7e_1
  - r-listenv=0.9.0=r42hc72bb7e_0
  - r-lme4=1.1_32=r42h38f115c_0
  - r-lubridate=1.9.2=r42h133d619_1
  - r-magrittr=2.0.3=r42h06615bd_1
  - r-maptools=1.1_6=r42h133d619_0
  - r-markdown=1.6=r42hc72bb7e_0
  - r-mass=7.3_58.3=r42h133d619_0
  - r-matchit=4.5.3=r42h38f115c_0
  - r-matrix=1.5_4=r42he1ae0d6_0
  - r-matrixmodels=0.5_1=r42hc72bb7e_0
  - r-matrixstats=0.63.0=r42h06615bd_0
  - r-maxstat=0.7_25=r42h06615bd_1005
  - r-memoise=2.0.1=r42hc72bb7e_1
  - r-mgcv=1.8_42=r42he1ae0d6_0
  - r-mice=3.15.0=r42h7525677_0
  - r-mime=0.12=r42h06615bd_1
  - r-miniui=0.1.1.1=r42hc72bb7e_1003
  - r-minqa=1.2.5=r42hb13c81a_0
  - r-mitml=0.4_5=r42hc72bb7e_0
  - r-modelmetrics=1.2.2.2=r42h7525677_2
  - r-modelr=0.1.11=r42hc72bb7e_0
  - r-modeltools=0.2_23=r42hc72bb7e_2
  - r-multcomp=1.4_23=r42hc72bb7e_0
  - r-munsell=0.5.0=r42hc72bb7e_1005
  - r-mvtnorm=1.1_3=r42h8da6f51_1
  - r-naniar=1.0.0=r42hc72bb7e_0
  - r-networkd3=0.4=r42hc72bb7e_1005
  - r-nlme=3.1_162=r42hac0b197_0
  - r-nloptr=2.0.3=r42hb13c81a_1
  - r-nnet=7.3_18=r42h06615bd_1
  - r-norm=1.0_10.0=r42h8da6f51_1
  - r-numderiv=2016.8_1.1=r42hc72bb7e_4
  - r-openssl=2.0.6=r42habfbb5e_0
  - r-openxlsx=4.2.5.2=r42h38f115c_0
  - r-ordinal=2022.11_16=r42h06615bd_0
  - r-packrat=0.9.1=r42hc72bb7e_0
  - r-pagedown=0.20=r42hc72bb7e_0
  - r-pan=1.6=r42h8da6f51_5
  - r-parallelly=1.35.0=r42hc72bb7e_0
  - r-party=1.3_13=r42h0b41bf4_0
  - r-partykit=1.2_20=r42h133d619_0
  - r-pbkrtest=0.5.2=r42hc72bb7e_0
  - r-pillar=1.9.0=r42hc72bb7e_0
  - r-pkgbuild=1.4.0=r42hc72bb7e_0
  - r-pkgconfig=2.0.3=r42hc72bb7e_2
  - r-pkgdown=2.0.7=r42hc72bb7e_0
  - r-pkgload=1.3.2=r42hc72bb7e_0
  - r-plotly=4.10.1=r42hc72bb7e_0
  - r-plyr=1.8.8=r42h7525677_0
  - r-png=0.1_8=r42h10cf519_0
  - r-polynom=1.4_1=r42hc72bb7e_1
  - r-praise=1.0.0=r42hc72bb7e_1006
  - r-prettyunits=1.1.1=r42hc72bb7e_2
  - r-proc=1.18.0=r42h7525677_1
  - r-processx=3.8.1=r42h133d619_0
  - r-prodlim=2023.03.31=r42h38f115c_0
  - r-profvis=0.3.7=r42h06615bd_1
  - r-progress=1.2.2=r42hc72bb7e_3
  - r-progressr=0.13.0=r42hc72bb7e_0
  - r-promises=1.2.0.1=r42h7525677_1
  - r-proxy=0.4_27=r42h06615bd_1
  - r-ps=1.7.5=r42h133d619_0
  - r-purrr=1.0.1=r42h133d619_0
  - r-quantreg=5.95=r42hb20cf53_0
  - r-quarto=1.2=r42hc72bb7e_2
  - r-r6=2.5.1=r42hc72bb7e_1
  - r-ragg=1.2.5=r42hd65d3ba_0
  - r-rappdirs=0.3.3=r42h06615bd_1
  - r-rcmdcheck=1.4.0=r42h785f33e_1
  - r-rcolorbrewer=1.1_3=r42h785f33e_1
  - r-rcpp=1.0.10=r42h38f115c_0
  - r-rcpparmadillo=0.12.2.0.0=r42h358215d_0
  - r-rcppeigen=0.3.3.9.3=r42h9f5de39_0
  - r-rcppprogress=0.4.2=r42hc72bb7e_2
  - r-reactable=0.4.4=r42hc72bb7e_0
  - r-reactr=0.4.4=r42hc72bb7e_1
  - r-readr=2.1.4=r42h38f115c_0
  - r-readxl=1.4.2=r42h81ef4d7_0
  - r-recipes=1.0.5=r42hc72bb7e_0
  - r-rematch=1.0.1=r42hc72bb7e_1005
  - r-rematch2=2.1.2=r42hc72bb7e_2
  - r-remotes=2.4.2=r42hc72bb7e_1
  - r-reprex=2.0.2=r42hc72bb7e_1
  - r-reshape2=1.4.4=r42h7525677_2
  - r-rio=0.5.29=r42hc72bb7e_1
  - r-rjson=0.2.21=r42h7525677_2
  - r-rlang=1.1.0=r42h38f115c_0
  - r-rmarkdown=2.21=r42hc72bb7e_0
  - r-roxygen2=7.2.3=r42h38f115c_0
  - r-rpart=4.1.19=r42h06615bd_0
  - r-rprojroot=2.0.3=r42hc72bb7e_1
  - r-rsconnect=0.8.29=r42hc72bb7e_0
  - r-rstatix=0.7.2=r42hc72bb7e_0
  - r-rstudioapi=0.14=r42hc72bb7e_1
  - r-rttf2pt1=1.3.12=r42h133d619_0
  - r-rversions=2.1.2=r42hc72bb7e_1
  - r-rvest=1.0.3=r42hc72bb7e_1
  - r-sandwich=3.0_2=r42hc72bb7e_1
  - r-sass=0.4.5=r42h38f115c_0
  - r-scales=1.2.1=r42hc72bb7e_1
  - r-selectr=0.4_2=r42hc72bb7e_2
  - r-servr=0.26=r42hc72bb7e_0
  - r-sessioninfo=1.2.2=r42hc72bb7e_1
  - r-settings=0.2.7=r42h785f33e_1
  - r-shape=1.4.6=r42ha770c72_1
  - r-shiny=1.7.4=r42h785f33e_0
  - r-showtext=0.9_5=r42h06615bd_1
  - r-showtextdb=3.0=r42hc72bb7e_1
  - r-sourcetools=0.1.7_1=r42h38f115c_0
  - r-sp=1.6_0=r42h133d619_0
  - r-sparsem=1.81=r42h8da6f51_1
  - r-squarem=2021.1=r42hc72bb7e_1
  - r-statmod=1.5.0=r42h74f4db8_0
  - r-stringi=1.7.12=r42h1ae9187_0
  - r-stringr=1.5.0=r42h785f33e_0
  - r-strucchange=1.5_3=r42h06615bd_1
  - r-survival=3.5_5=r42h133d619_0
  - r-survminer=0.4.9=r42hc72bb7e_1
  - r-survmisc=0.5.6=r42hc72bb7e_1
  - r-survrm2=1.0_3=r42h142f84f_0
  - r-svglite=2.1.1=r42he8f5e61_0
  - r-sys=3.4.1=r42h06615bd_0
  - r-sysfonts=0.8.8=r42h06615bd_1
  - r-systemfonts=1.0.4=r42h0ff29ef_1
  - r-table1=1.4.3=r42hc72bb7e_0
  - r-testthat=3.1.7=r42h38f115c_0
  - r-textshaping=0.3.6=r42hbb20487_4
  - r-th.data=1.1_2=r42hc72bb7e_0
  - r-tibble=3.2.1=r42h133d619_1
  - r-tidyr=1.3.0=r42h38f115c_0
  - r-tidyselect=1.2.0=r42hc72bb7e_0
  - r-tidyverse=2.0.0=r42h785f33e_0
  - r-timechange=0.2.0=r42h38f115c_0
  - r-timedate=4022.108=r42hc72bb7e_0
  - r-tinytex=0.45=r42hc72bb7e_0
  - r-triebeard=0.4.1=r42h38f115c_0
  - r-tzdb=0.3.0=r42h7525677_1
  - r-ucminf=1.1_4.1=r42h8da6f51_1
  - r-upsetr=1.4.0=r42hc72bb7e_3
  - r-urlchecker=1.0.1=r42hc72bb7e_1
  - r-urltools=1.7.3=r42h7525677_3
  - r-usethis=2.1.6=r42hc72bb7e_1
  - r-utf8=1.2.3=r42h133d619_0
  - r-uuid=1.1_0=r42h06615bd_1
  - r-v8=4.3.0=r42h3877ea8_0
  - r-validate=1.1.3=r42h133d619_0
  - r-vctrs=0.6.1=r42h38f115c_0
  - r-viridis=0.6.2=r42hc72bb7e_1
  - r-viridislite=0.4.1=r42hc72bb7e_1
  - r-visdat=0.6.0=r42hc72bb7e_0
  - r-vroom=1.6.1=r42h38f115c_0
  - r-waldo=0.4.0=r42hc72bb7e_1
  - r-webshot=0.5.4=r42hc72bb7e_1
  - r-websocket=1.4.1=r42h7525677_1
  - r-whisker=0.4.1=r42hc72bb7e_0
  - r-withr=2.5.0=r42hc72bb7e_1
  - r-xfun=0.38=r42h38f115c_0
  - r-xml2=1.3.3=r42h044e5c7_2
  - r-xopen=1.0.0=r42hc72bb7e_1004
  - r-xtable=1.8_4=r42hc72bb7e_4
  - r-yaml=2.3.7=r42h133d619_0
  - r-zip=2.3.0=r42h133d619_0
  - r-zoo=1.8_12=r42h133d619_0
  - re2=2023.02.02=hcb278e6_0
  - readline=8.2=h8228510_1
  - s2n=1.3.41=h3358134_0
  - sed=4.8=he412f7d_0
  - setuptools=67.6.1=pyhd8ed1ab_0
  - snappy=1.1.10=h9fff704_0
  - sysroot_linux-64=2.12=he073ed8_15
  - tk=8.6.12=h27826a3_0
  - tktable=2.10=hb7b940f_3
  - tzdata=2023c=h71feb2d_0
  - ucx=1.14.0=h8c404fb_1
  - wheel=0.40.0=pyhd8ed1ab_0
  - xorg-kbproto=1.0.7=h7f98852_1002
  - xorg-libice=1.0.10=h7f98852_0
  - xorg-libsm=1.2.3=hd9c2040_1000
  - xorg-libx11=1.8.4=h0b41bf4_0
  - xorg-libxau=1.0.9=h7f98852_0
  - xorg-libxdmcp=1.1.3=h7f98852_0
  - xorg-libxext=1.3.4=h0b41bf4_2
  - xorg-libxrender=0.9.10=h7f98852_1003
  - xorg-libxt=1.2.1=h7f98852_2
  - xorg-renderproto=0.11.1=h7f98852_1002
  - xorg-xextproto=7.3.0=h0b41bf4_1003
  - xorg-xproto=7.0.31=h7f98852_1007
  - xz=5.2.6=h166bdaf_0
  - zlib=1.2.13=h166bdaf_4
  - zstd=1.5.2=h3eb15da_6
prefix: /home/stain/miniconda3/envs/vaccine_effectiveness
